
Microsoft Visual Studio Solution File, Format Version 12.00
# Visual Studio Version 17
VisualStudioVersion = 17.1.32421.90
MinimumVisualStudioVersion = 10.0.40219.1
Project("{FAE04EC0-301F-11D3-BF4B-00C04F79EFBC}") = "GitTest", "GitTest\GitTest.csproj", "{05DB9425-D04D-45BF-BA7A-918DF4135BEA}"
EndProject
Global
	GlobalSection(SolutionConfigurationPlatforms) = preSolution
		Debug|Any CPU = Debug|Any CPU
		Release|Any CPU = Release|Any CPU
	EndGlobalSection
	GlobalSection(ProjectConfigurationPlatforms) = postSolution
		{05DB9425-D04D-45BF-BA7A-918DF4135BEA}.Debug|Any CPU.ActiveCfg = Debug|Any CPU
		{05DB9425-D04D-45BF-BA7A-918DF4135BEA}.Debug|Any CPU.Build.0 = Debug|Any CPU
		{05DB9425-D04D-45BF-BA7A-918DF4135BEA}.Release|Any CPU.ActiveCfg = Release|Any CPU
		{05DB9425-D04D-45BF-BA7A-918DF4135BEA}.Release|Any CPU.Build.0 = Release|Any CPU
	EndGlobalSection
	GlobalSection(SolutionProperties) = preSolution
		HideSolutionNode = FALSE
	EndGlobalSection
	GlobalSection(ExtensibilityGlobals) = postSolution
		SolutionGuid = {1443616D-9172-4334-AA98-82A9FBD2949D}
	EndGlobalSection
EndGlobal
